
Microsoft Visual Studio Solution File, Format Version 12.00
# Visual Studio Version 17
VisualStudioVersion = 17.7.34031.279
MinimumVisualStudioVersion = 10.0.40219.1
Project("{FAE04EC0-301F-11D3-BF4B-00C04F79EFBC}") = "GeradorPdf", "GeradorPdf\GeradorPdf.csproj", "{134DA1E2-3A33-4E6C-9C2D-19FCE32A168B}"
EndProject
Global
	GlobalSection(SolutionConfigurationPlatforms) = preSolution
		Debug|Any CPU = Debug|Any CPU
		Release|Any CPU = Release|Any CPU
	EndGlobalSection
	GlobalSection(ProjectConfigurationPlatforms) = postSolution
		{134DA1E2-3A33-4E6C-9C2D-19FCE32A168B}.Debug|Any CPU.ActiveCfg = Debug|Any CPU
		{134DA1E2-3A33-4E6C-9C2D-19FCE32A168B}.Debug|Any CPU.Build.0 = Debug|Any CPU
		{134DA1E2-3A33-4E6C-9C2D-19FCE32A168B}.Release|Any CPU.ActiveCfg = Release|Any CPU
		{134DA1E2-3A33-4E6C-9C2D-19FCE32A168B}.Release|Any CPU.Build.0 = Release|Any CPU
	EndGlobalSection
	GlobalSection(SolutionProperties) = preSolution
		HideSolutionNode = FALSE
	EndGlobalSection
	GlobalSection(ExtensibilityGlobals) = postSolution
		SolutionGuid = {99C83AF9-24D5-4DD8-BC4A-3EB2E3C135A0}
	EndGlobalSection
EndGlobal
